# This file was autogenerated by Stack.
# You should not edit this file by hand.
# For more information, please see the documentation at:
#   https://docs.haskellstack.org/en/stable/lock_files

packages:
- completed:
    hackage: wavefront-0.7.1.3@sha256:c74f7543c6e791b3fd3df4c89a23b77883cbbe08fdb1e8cbf61ac3f3f9826784,1999
    pantry-tree:
      size: 1026
      sha256: cd79d1acb4d7c35fad719ec94eb5845c91164b42d8dddcc78a07aa51159a3a1c
  original:
    hackage: wavefront-0.7.1.3@sha256:c74f7543c6e791b3fd3df4c89a23b77883cbbe08fdb1e8cbf61ac3f3f9826784,1999
snapshots:
- completed:
    size: 524789
    url: https://raw.githubusercontent.com/commercialhaskell/stackage-snapshots/master/lts/14/8.yaml
    sha256: 8af5eb80734f02621d37e82cc0cde614af2ddc9c320610acb0b1b6d9ac162930
  original: lts-14.8
